
Microsoft Visual Studio Solution File, Format Version 12.00
# Visual Studio Version 17
VisualStudioVersion = 17.5.002.0
MinimumVisualStudioVersion = 10.0.40219.1
Project("{9A19103F-16F7-4668-BE54-9A1E7A4F7556}") = "328_Odd_Even_Linked_List", "328_Odd_Even_Linked_List.csproj", "{F315FF5E-7872-4E74-9426-79D6852D3EA2}"
EndProject
Global
	GlobalSection(SolutionConfigurationPlatforms) = preSolution
		Debug|Any CPU = Debug|Any CPU
		Release|Any CPU = Release|Any CPU
	EndGlobalSection
	GlobalSection(ProjectConfigurationPlatforms) = postSolution
		{F315FF5E-7872-4E74-9426-79D6852D3EA2}.Debug|Any CPU.ActiveCfg = Debug|Any CPU
		{F315FF5E-7872-4E74-9426-79D6852D3EA2}.Debug|Any CPU.Build.0 = Debug|Any CPU
		{F315FF5E-7872-4E74-9426-79D6852D3EA2}.Release|Any CPU.ActiveCfg = Release|Any CPU
		{F315FF5E-7872-4E74-9426-79D6852D3EA2}.Release|Any CPU.Build.0 = Release|Any CPU
	EndGlobalSection
	GlobalSection(SolutionProperties) = preSolution
		HideSolutionNode = FALSE
	EndGlobalSection
	GlobalSection(ExtensibilityGlobals) = postSolution
		SolutionGuid = {74B1EFC7-5C29-4585-B9C0-877ABA68C4D9}
	EndGlobalSection
EndGlobal
